
Microsoft Visual Studio Solution File, Format Version 12.00
# Visual Studio Version 17
VisualStudioVersion = 17.11.35327.3
MinimumVisualStudioVersion = 10.0.40219.1
Project("{FAE04EC0-301F-11D3-BF4B-00C04F79EFBC}") = "Methods", "Methods\Methods.csproj", "{A00BE7E5-BCA7-41EF-9373-AE1DF3D6441F}"
EndProject
Global
	GlobalSection(SolutionConfigurationPlatforms) = preSolution
		Debug|Any CPU = Debug|Any CPU
		Release|Any CPU = Release|Any CPU
	EndGlobalSection
	GlobalSection(ProjectConfigurationPlatforms) = postSolution
		{A00BE7E5-BCA7-41EF-9373-AE1DF3D6441F}.Debug|Any CPU.ActiveCfg = Debug|Any CPU
		{A00BE7E5-BCA7-41EF-9373-AE1DF3D6441F}.Debug|Any CPU.Build.0 = Debug|Any CPU
		{A00BE7E5-BCA7-41EF-9373-AE1DF3D6441F}.Release|Any CPU.ActiveCfg = Release|Any CPU
		{A00BE7E5-BCA7-41EF-9373-AE1DF3D6441F}.Release|Any CPU.Build.0 = Release|Any CPU
	EndGlobalSection
	GlobalSection(SolutionProperties) = preSolution
		HideSolutionNode = FALSE
	EndGlobalSection
	GlobalSection(ExtensibilityGlobals) = postSolution
		SolutionGuid = {F48B1953-BFE2-489F-AF4A-BA09C3C7C6D6}
	EndGlobalSection
EndGlobal
